{
  "name": "pareto-resource-stream",
  "version": "0.1.20",
  "lockfileVersion": 3,
  "requires": true,
  "packages": {
    "": {
      "name": "pareto-resource-stream",
      "version": "0.1.20",
      "license": "Apache-2.0",
      "dependencies": {
        "pareto-core": "^0.1.0",
        "pareto-fountain-pen": "^0.4.0",
        "pareto-stream-api": "^0.1.0"
      },
      "devDependencies": {
        "@types/node": "^26.1.0"
      },
      "engines": {
        "node": ">=14.0.0"
      }
    },
    "node_modules/@types/node": {
      "version": "26.6.4",
      "resolved": "https://registry.npmjs.org/@types/node/-/node-26.6.4.tgz",
      "integrity": "sha512-ldVPDCzj7fsaGZrLB0NuHuTvJcsNasysBAqMolr/cgxrLd1xbqxIr3XJiPnHHJUCxj5sNF1vnRj9aWnrVh5Jcg==",
      "dev": true,
      "license": "MIT",
      "dependencies": {
        "undici-types": "~8.9.0"
      }
    },
    "node_modules/pareto-core": {
      "version": "0.1.326",
      "resolved": "https://registry.npmjs.org/pareto-core/-/pareto-core-0.1.326.tgz",
      "integrity": "sha512-JzPrIzOrIUV1AT8yNsT++DmK9pMkBTqayDdmUD8duZS744jw/CUIojbx/OgkSMiBKJHX3HaK0NPoRq+nIvVGfQ==",
      "license": "Apache-2.0"
    },
    "node_modules/pareto-core-shorthands": {
      "version": "0.2.62",
      "resolved": "https://registry.npmjs.org/pareto-core-shorthands/-/pareto-core-shorthands-0.2.62.tgz",
      "integrity": "sha512-/SJvh+7MYb3XXZOwnO6OrdeSYQwRzT8iyeWGBReOqYZSr70OFQswA+IJdhE9imNtVn0oG5SuVmVLS9ZM97sbHQ==",
      "license": "Apache-2.0",
      "dependencies": {
        "pareto-core": "^0.1.0"
      }
    },
    "node_modules/pareto-fountain-pen": {
      "version": "0.4.120",
      "resolved": "https://registry.npmjs.org/pareto-fountain-pen/-/pareto-fountain-pen-0.4.120.tgz",
      "integrity": "sha512-/v5So0xDpnUrzhUK1BZmzP9UgGQ4P2xtzrnHGbhKHYD+RTAEQKAzWiV3plFqUdRdpUSTa9JqcH+9BOM71bIE3g==",
      "license": "Apache-2.0",
      "dependencies": {
        "pareto-core": "^0.1.0",
        "pareto-core-shorthands": "^0.2.0"
      },
      "engines": {
        "node": ">=14.0.0"
      }
    },
    "node_modules/pareto-stream-api": {
      "version": "0.1.41",
      "resolved": "https://registry.npmjs.org/pareto-stream-api/-/pareto-stream-api-0.1.41.tgz",
      "integrity": "sha512-NU0QAMU5ISCQws3Syzem0ZT6t4nJEpzwjoxai9S2v9vjpqlKqZL9PqE5nX7FhPu0qZiCIlorqiLYO2o8t9wpUw==",
      "license": "Apache-2.0",
      "dependencies": {
        "pareto-core": "^0.1.0",
        "pareto-fountain-pen": "^0.4.0"
      }
    },
    "node_modules/undici-types": {
      "version": "8.9.0",
      "resolved": "https://registry.npmjs.org/undici-types/-/undici-types-8.9.0.tgz",
      "integrity": "sha512-KTDyRTYX8sWmKXAikPHHSyc63CRPETMctyjKFupcC6OBLXT3xsN0e9aF7m+mIXutFWpUXuedtowG7iLOzp0kQg==",
      "dev": true,
      "license": "MIT"
    }
  }
}
