{
  "name": "pareto-resource-stream",
  "version": "0.1.19",
  "lockfileVersion": 3,
  "requires": true,
  "packages": {
    "": {
      "name": "pareto-resource-stream",
      "version": "0.1.19",
      "license": "Apache-2.0",
      "dependencies": {
        "pareto-core": "^0.1.0",
        "pareto-stream-api": "^0.1.0"
      },
      "devDependencies": {
        "@types/node": "^26.1.0"
      },
      "engines": {
        "node": ">=14.0.0"
      }
    },
    "node_modules/@types/node": {
      "version": "26.4.1",
      "resolved": "https://registry.npmjs.org/@types/node/-/node-26.4.1.tgz",
      "integrity": "sha512-k97ENvZWtvA6yqz5/FS6a7duDgOPEeOQOc2iKS/nY6mX6qJUKtLnWzQS+Xj6tXweyj6ZcTAK2Qecetnvi9nCLA==",
      "dev": true,
      "license": "MIT",
      "dependencies": {
        "undici-types": "~8.3.0"
      }
    },
    "node_modules/pareto-core": {
      "version": "0.1.302",
      "resolved": "https://registry.npmjs.org/pareto-core/-/pareto-core-0.1.302.tgz",
      "integrity": "sha512-vRSMKqF3m3AgeNJNC/JlA6i00EUdZgkMCxOexKEwsaDdLr8s19DSmDMH6fovCM7xIH4nFUTJnxKo3lWvMekHMQ==",
      "license": "Apache-2.0"
    },
    "node_modules/pareto-stream-api": {
      "version": "0.1.39",
      "resolved": "https://registry.npmjs.org/pareto-stream-api/-/pareto-stream-api-0.1.39.tgz",
      "integrity": "sha512-8dlFhM03ggNJjb2ZD7kX3bXfzEhJUYvErLJe/Uijh9y5eqWQGLAYF9A0IaMEqn65aXDJiFkLeBsOcTQGQ7enIg==",
      "license": "Apache-2.0",
      "dependencies": {
        "pareto-core": "^0.1.0"
      }
    },
    "node_modules/undici-types": {
      "version": "8.3.0",
      "resolved": "https://registry.npmjs.org/undici-types/-/undici-types-8.3.0.tgz",
      "integrity": "sha512-j375ScV60dom+YkPFIfTLcOiPxkN/buHz5GobjLhixFuANaNs3C9l4GmrWqejgXWJ7BbJcFYpTEUkS1Ge8bpZQ==",
      "dev": true,
      "license": "MIT"
    }
  }
}
